
Microsoft Visual Studio Solution File, Format Version 12.00
# Visual Studio Version 16
VisualStudioVersion = 16.0.29911.84
MinimumVisualStudioVersion = 10.0.40219.1
Project("{FAE04EC0-301F-11D3-BF4B-00C04F79EFBC}") = "AthenaDemo", "AthenaDemo.csproj", "{17D99F52-F26A-4C0A-BDD1-75676DBF13D0}"
EndProject
Global
	GlobalSection(SolutionConfigurationPlatforms) = preSolution
		Debug|Any CPU = Debug|Any CPU
		Release|Any CPU = Release|Any CPU
	EndGlobalSection
	GlobalSection(ProjectConfigurationPlatforms) = postSolution
		{17D99F52-F26A-4C0A-BDD1-75676DBF13D0}.Debug|Any CPU.ActiveCfg = Debug|Any CPU
		{17D99F52-F26A-4C0A-BDD1-75676DBF13D0}.Debug|Any CPU.Build.0 = Debug|Any CPU
		{17D99F52-F26A-4C0A-BDD1-75676DBF13D0}.Release|Any CPU.ActiveCfg = Release|Any CPU
		{17D99F52-F26A-4C0A-BDD1-75676DBF13D0}.Release|Any CPU.Build.0 = Release|Any CPU
	EndGlobalSection
	GlobalSection(SolutionProperties) = preSolution
		HideSolutionNode = FALSE
	EndGlobalSection
	GlobalSection(ExtensibilityGlobals) = postSolution
		SolutionGuid = {6D17FE16-471E-4153-9D03-77F1B5F61F58}
	EndGlobalSection
EndGlobal
